
Microsoft Visual Studio Solution File, Format Version 12.00
# Visual Studio Version 16
VisualStudioVersion = 16.0.31005.135
MinimumVisualStudioVersion = 10.0.40219.1
Project("{9092AA53-FB77-4645-B42D-1CCCA6BD08BD}") = "FourierAnimationsServer", "FourierAnimationsServer\FourierAnimationsServer.njsproj", "{A101EA7A-A015-4F9F-80B9-0E6067280C94}"
EndProject
Global
	GlobalSection(SolutionConfigurationPlatforms) = preSolution
		Debug|Any CPU = Debug|Any CPU
		Release|Any CPU = Release|Any CPU
	EndGlobalSection
	GlobalSection(ProjectConfigurationPlatforms) = postSolution
		{A101EA7A-A015-4F9F-80B9-0E6067280C94}.Debug|Any CPU.ActiveCfg = Debug|Any CPU
		{A101EA7A-A015-4F9F-80B9-0E6067280C94}.Debug|Any CPU.Build.0 = Debug|Any CPU
		{A101EA7A-A015-4F9F-80B9-0E6067280C94}.Release|Any CPU.ActiveCfg = Release|Any CPU
		{A101EA7A-A015-4F9F-80B9-0E6067280C94}.Release|Any CPU.Build.0 = Release|Any CPU
	EndGlobalSection
	GlobalSection(SolutionProperties) = preSolution
		HideSolutionNode = FALSE
	EndGlobalSection
	GlobalSection(ExtensibilityGlobals) = postSolution
		SolutionGuid = {0E461CB8-37A5-456F-90BB-59C5BD4514B0}
	EndGlobalSection
EndGlobal
